
Microsoft Visual Studio Solution File, Format Version 12.00
# Visual Studio Version 17
VisualStudioVersion = 17.0.31903.59
MinimumVisualStudioVersion = 10.0.40219.1
Project("{FAE04EC0-301F-11D3-BF4B-00C04F79EFBC}") = "API", "API\API.csproj", "{8E9E3BD3-02A6-4976-9917-B4815755B77B}"
EndProject
Project("{FAE04EC0-301F-11D3-BF4B-00C04F79EFBC}") = "Application", "Application\Application.csproj", "{72917D96-AD4D-4082-A66C-FB7900182502}"
EndProject
Project("{FAE04EC0-301F-11D3-BF4B-00C04F79EFBC}") = "Domain", "Domain\Domain.csproj", "{002683EB-8ABD-4AD5-A60B-340E68FC1118}"
EndProject
Project("{FAE04EC0-301F-11D3-BF4B-00C04F79EFBC}") = "Persistence", "Persistence\Persistence.csproj", "{F11196AF-1493-433C-9E34-D3383CEA36DD}"
EndProject
Global
	GlobalSection(SolutionConfigurationPlatforms) = preSolution
		Debug|Any CPU = Debug|Any CPU
		Release|Any CPU = Release|Any CPU
	EndGlobalSection
	GlobalSection(SolutionProperties) = preSolution
		HideSolutionNode = FALSE
	EndGlobalSection
	GlobalSection(ProjectConfigurationPlatforms) = postSolution
		{8E9E3BD3-02A6-4976-9917-B4815755B77B}.Debug|Any CPU.ActiveCfg = Debug|Any CPU
		{8E9E3BD3-02A6-4976-9917-B4815755B77B}.Debug|Any CPU.Build.0 = Debug|Any CPU
		{8E9E3BD3-02A6-4976-9917-B4815755B77B}.Release|Any CPU.ActiveCfg = Release|Any CPU
		{8E9E3BD3-02A6-4976-9917-B4815755B77B}.Release|Any CPU.Build.0 = Release|Any CPU
		{72917D96-AD4D-4082-A66C-FB7900182502}.Debug|Any CPU.ActiveCfg = Debug|Any CPU
		{72917D96-AD4D-4082-A66C-FB7900182502}.Debug|Any CPU.Build.0 = Debug|Any CPU
		{72917D96-AD4D-4082-A66C-FB7900182502}.Release|Any CPU.ActiveCfg = Release|Any CPU
		{72917D96-AD4D-4082-A66C-FB7900182502}.Release|Any CPU.Build.0 = Release|Any CPU
		{002683EB-8ABD-4AD5-A60B-340E68FC1118}.Debug|Any CPU.ActiveCfg = Debug|Any CPU
		{002683EB-8ABD-4AD5-A60B-340E68FC1118}.Debug|Any CPU.Build.0 = Debug|Any CPU
		{002683EB-8ABD-4AD5-A60B-340E68FC1118}.Release|Any CPU.ActiveCfg = Release|Any CPU
		{002683EB-8ABD-4AD5-A60B-340E68FC1118}.Release|Any CPU.Build.0 = Release|Any CPU
		{F11196AF-1493-433C-9E34-D3383CEA36DD}.Debug|Any CPU.ActiveCfg = Debug|Any CPU
		{F11196AF-1493-433C-9E34-D3383CEA36DD}.Debug|Any CPU.Build.0 = Debug|Any CPU
		{F11196AF-1493-433C-9E34-D3383CEA36DD}.Release|Any CPU.ActiveCfg = Release|Any CPU
		{F11196AF-1493-433C-9E34-D3383CEA36DD}.Release|Any CPU.Build.0 = Release|Any CPU
	EndGlobalSection
EndGlobal
